{
  "requires": true,
  "lockfileVersion": 1,
  "dependencies": {
    "spinatose-frame-print": {
      "version": "1.0.0",
      "resolved": "https://registry.npmjs.org/spinatose-frame-print/-/spinatose-frame-print-1.0.0.tgz",
      "integrity": "sha512-/zq3m3W3AcD/L2dd1w+cqw3m9vzWVR1ynTuACW5EbDk52KDY+ZidHe8RX6YV+ou0sMUcw8PJ7nJN3ji1/DmDQw=="
    }
  }
}
